
Microsoft Visual Studio Solution File, Format Version 11.00
# Visual Studio 2010
Project("{888888A0-9F3D-457C-B088-3A5042F75D52}") = "ACE", "ACE.pyproj", "{07034ACE-4AA9-4F66-9B6B-F351B2802A89}"
EndProject
Global
	GlobalSection(SolutionConfigurationPlatforms) = preSolution
		Debug|Any CPU = Debug|Any CPU
		Release|Any CPU = Release|Any CPU
	EndGlobalSection
	GlobalSection(ProjectConfigurationPlatforms) = postSolution
		{07034ACE-4AA9-4F66-9B6B-F351B2802A89}.Debug|Any CPU.ActiveCfg = Debug|Any CPU
		{07034ACE-4AA9-4F66-9B6B-F351B2802A89}.Debug|Any CPU.Build.0 = Debug|Any CPU
		{07034ACE-4AA9-4F66-9B6B-F351B2802A89}.Release|Any CPU.ActiveCfg = Release|Any CPU
		{07034ACE-4AA9-4F66-9B6B-F351B2802A89}.Release|Any CPU.Build.0 = Release|Any CPU
	EndGlobalSection
	GlobalSection(SolutionProperties) = preSolution
		HideSolutionNode = FALSE
	EndGlobalSection
EndGlobal
